
Microsoft Visual Studio Solution File, Format Version 12.00
# Visual Studio 15
VisualStudioVersion = 15.0.27130.2024
MinimumVisualStudioVersion = 10.0.40219.1
Project("{FAE04EC0-301F-11D3-BF4B-00C04F79EFBC}") = "PowerLife", "PowerLife\PowerLife.csproj", "{FB47527C-0539-40E4-8289-167E8DDAE914}"
EndProject
Project("{FAE04EC0-301F-11D3-BF4B-00C04F79EFBC}") = "ModeloBiblioteca", "ModeloBiblioteca\ModeloBiblioteca.csproj", "{179EA4BE-C73D-4BF4-979B-C96B65D31FF8}"
EndProject
Global
	GlobalSection(SolutionConfigurationPlatforms) = preSolution
		Debug|Any CPU = Debug|Any CPU
		Release|Any CPU = Release|Any CPU
	EndGlobalSection
	GlobalSection(ProjectConfigurationPlatforms) = postSolution
		{FB47527C-0539-40E4-8289-167E8DDAE914}.Debug|Any CPU.ActiveCfg = Debug|Any CPU
		{FB47527C-0539-40E4-8289-167E8DDAE914}.Debug|Any CPU.Build.0 = Debug|Any CPU
		{FB47527C-0539-40E4-8289-167E8DDAE914}.Release|Any CPU.ActiveCfg = Release|Any CPU
		{FB47527C-0539-40E4-8289-167E8DDAE914}.Release|Any CPU.Build.0 = Release|Any CPU
		{179EA4BE-C73D-4BF4-979B-C96B65D31FF8}.Debug|Any CPU.ActiveCfg = Debug|Any CPU
		{179EA4BE-C73D-4BF4-979B-C96B65D31FF8}.Debug|Any CPU.Build.0 = Debug|Any CPU
		{179EA4BE-C73D-4BF4-979B-C96B65D31FF8}.Release|Any CPU.ActiveCfg = Release|Any CPU
		{179EA4BE-C73D-4BF4-979B-C96B65D31FF8}.Release|Any CPU.Build.0 = Release|Any CPU
	EndGlobalSection
	GlobalSection(SolutionProperties) = preSolution
		HideSolutionNode = FALSE
	EndGlobalSection
	GlobalSection(ExtensibilityGlobals) = postSolution
		SolutionGuid = {BE3AF8AF-DAE1-4A7F-8AF8-D4E1F5A9F76E}
	EndGlobalSection
EndGlobal
